
Microsoft Visual Studio Solution File, Format Version 12.00
# Visual Studio Version 17
VisualStudioVersion = 17.13.35931.197 d17.13
MinimumVisualStudioVersion = 10.0.40219.1
Project("{8BC9CEB8-8B4A-11D0-8D11-00A0C91BC942}") = "Project23 基于多态的职工管理系统", "Project23 基于多态的职工管理系统\Project23 基于多态的职工管理系统.vcxproj", "{38C2CF42-DC84-40DF-9BB0-9B65FC28A6B1}"
EndProject
Global
	GlobalSection(SolutionConfigurationPlatforms) = preSolution
		Debug|x64 = Debug|x64
		Debug|x86 = Debug|x86
		Release|x64 = Release|x64
		Release|x86 = Release|x86
	EndGlobalSection
	GlobalSection(ProjectConfigurationPlatforms) = postSolution
		{38C2CF42-DC84-40DF-9BB0-9B65FC28A6B1}.Debug|x64.ActiveCfg = Debug|x64
		{38C2CF42-DC84-40DF-9BB0-9B65FC28A6B1}.Debug|x64.Build.0 = Debug|x64
		{38C2CF42-DC84-40DF-9BB0-9B65FC28A6B1}.Debug|x86.ActiveCfg = Debug|Win32
		{38C2CF42-DC84-40DF-9BB0-9B65FC28A6B1}.Debug|x86.Build.0 = Debug|Win32
		{38C2CF42-DC84-40DF-9BB0-9B65FC28A6B1}.Release|x64.ActiveCfg = Release|x64
		{38C2CF42-DC84-40DF-9BB0-9B65FC28A6B1}.Release|x64.Build.0 = Release|x64
		{38C2CF42-DC84-40DF-9BB0-9B65FC28A6B1}.Release|x86.ActiveCfg = Release|Win32
		{38C2CF42-DC84-40DF-9BB0-9B65FC28A6B1}.Release|x86.Build.0 = Release|Win32
	EndGlobalSection
	GlobalSection(SolutionProperties) = preSolution
		HideSolutionNode = FALSE
	EndGlobalSection
	GlobalSection(ExtensibilityGlobals) = postSolution
		SolutionGuid = {6EAEDAAE-446E-4F6A-AF2B-358A80507CF9}
	EndGlobalSection
EndGlobal
